# Generated by Dagger. Pins the images and git refs this workspace uses.
# Any Dagger command may update this file; always commit it with your changes.
# Run `dagger lock update` to refresh the pinned versions.
[["version","2"]]
["","git-sha",["github.com/dagger/eslint","collections"],"c4aaade1fd20e4fbf7cf17e1495a462e7c6b942c"]
["","oci-sha",["docker.io/library/node:22"],"sha256:363e1587494626837fa7f9a23bdb453d13b0ff3c67c705c2805cfc69c2d2fad7"]
["","oci-sha",["docker.io/library/node:25-alpine"],"sha256:bdf2cca6fe3dabd014ea60163eca3f0f7015fbd5c7ee1b0e9ccb4ced6eb02ef4"]