# Generated by Dagger. Pins the images and git refs this workspace uses.
# Any Dagger command may update this file; always commit it with your changes.
# Run `dagger lock update` to refresh the pinned versions.
[["version","2"]]
["","git-latest",["github.com/dagger/sdk-helpers",["version","v1"]],"refs/tags/v1.0.6"]
["","git-latest",["github.com/dagger/typescript-sdk"],"refs/tags/v1.0.1"]
["","git-sha",["github.com/dagger/sdk-helpers","refs/tags/v1.0.6"],"16e5bf2837eb1dc840a1c9ad7d6dba385f0038d3"]
["","git-sha",["github.com/dagger/typescript-sdk","feat/dag-dep-compat"],"8dfad239ecc5d304bff726f466a8af007ba9a74a"]
["","git-sha",["github.com/dagger/typescript-sdk","main"],"e137774877fc967d2d222a9ab9e271259de0cf2c"]
["","git-sha",["github.com/dagger/typescript-sdk","refs/tags/v1.0.1"],"eeee3ed0092dfa2a858d1df43c2f31f515072216"]
["","oci-sha",["docker.io/library/golang:1.25-alpine"],"sha256:1ae0735f00daffa3aaf1363a5184c0d2dc55c78e3db4ec70241cdac97bf84b59"]
["","vanity-url",["https://dagger.io/sdk/helpers"],"https://github.com/dagger/sdk-helpers"]