# Generated by Dagger. Pins the images and git refs this workspace uses.
# Any Dagger command may update this file; always commit it with your changes.
# Run `dagger lock update` to refresh the pinned versions.
[["version","2"]]
["","git-sha",["github.com/dagger/deno","collections"],"5b413e33736a6f55d7ed6e148a7d87f0f9d95ba9"]
["","oci-sha",["docker.io/denoland/deno:alpine-2.9.3"],"sha256:9d590d72116913ec9d73acb25112040fbffa657e33565075e7e71904b09e110e"]