# Generated by Dagger. Pins the images and git refs this workspace uses.
# Any Dagger command may update this file; always commit it with your changes.
# Run `dagger lock update` to refresh the pinned versions.
[["version","2"]]
["","git-latest",["github.com/dagger/sdk-helpers",["version","v1"]],"refs/tags/v1.0.5"]
["","git-latest",["github.com/dagger/typescript-sdk"],"refs/tags/v1.0.1"]
["","git-sha",["github.com/dagger/sdk-helpers","refs/tags/v1.0.5"],"2d593321b19e3519584b1bbd6e77d83b2be9de2f"]
["","git-sha",["github.com/dagger/typescript-sdk","fix/introspector-resolves-dagger-imports"],"91c2f0e34536a06f35f11e606e654145629f539b"]
["","git-sha",["github.com/dagger/typescript-sdk","main"],"eeee3ed0092dfa2a858d1df43c2f31f515072216"]
["","git-sha",["github.com/dagger/typescript-sdk","refs/tags/v1"],"0763be8f6c49494563172306ef64a4d61556e2b9"]
["","git-sha",["github.com/dagger/typescript-sdk","refs/tags/v1.0.1"],"eeee3ed0092dfa2a858d1df43c2f31f515072216"]
["","oci-sha",["docker.io/library/golang:1.25-alpine"],"sha256:1ae0735f00daffa3aaf1363a5184c0d2dc55c78e3db4ec70241cdac97bf84b59"]
["","vanity-url",["https://dagger.io/sdk/helpers"],"https://github.com/dagger/sdk-helpers"]